
Microsoft Visual Studio Solution File, Format Version 12.00
# Visual Studio Version 16
VisualStudioVersion = 16.0.30717.126
MinimumVisualStudioVersion = 10.0.40219.1
Project("{FAE04EC0-301F-11D3-BF4B-00C04F79EFBC}") = "ShopVanPhongPham", "ShopVanPhongPham\ShopVanPhongPham.csproj", "{BE25C8F5-2030-4FFA-AB48-8FD540228360}"
EndProject
Project("{FAE04EC0-301F-11D3-BF4B-00C04F79EFBC}") = "Model", "Model\Model.csproj", "{673E66A1-2130-426C-A9E8-F5F2264E72FB}"
EndProject
Global
	GlobalSection(SolutionConfigurationPlatforms) = preSolution
		Debug|Any CPU = Debug|Any CPU
		Release|Any CPU = Release|Any CPU
	EndGlobalSection
	GlobalSection(ProjectConfigurationPlatforms) = postSolution
		{BE25C8F5-2030-4FFA-AB48-8FD540228360}.Debug|Any CPU.ActiveCfg = Debug|Any CPU
		{BE25C8F5-2030-4FFA-AB48-8FD540228360}.Debug|Any CPU.Build.0 = Debug|Any CPU
		{BE25C8F5-2030-4FFA-AB48-8FD540228360}.Release|Any CPU.ActiveCfg = Release|Any CPU
		{BE25C8F5-2030-4FFA-AB48-8FD540228360}.Release|Any CPU.Build.0 = Release|Any CPU
		{673E66A1-2130-426C-A9E8-F5F2264E72FB}.Debug|Any CPU.ActiveCfg = Debug|Any CPU
		{673E66A1-2130-426C-A9E8-F5F2264E72FB}.Debug|Any CPU.Build.0 = Debug|Any CPU
		{673E66A1-2130-426C-A9E8-F5F2264E72FB}.Release|Any CPU.ActiveCfg = Release|Any CPU
		{673E66A1-2130-426C-A9E8-F5F2264E72FB}.Release|Any CPU.Build.0 = Release|Any CPU
	EndGlobalSection
	GlobalSection(SolutionProperties) = preSolution
		HideSolutionNode = FALSE
	EndGlobalSection
	GlobalSection(ExtensibilityGlobals) = postSolution
		SolutionGuid = {C27F7791-99F7-4CBC-9901-65F3E840E996}
	EndGlobalSection
EndGlobal
